// !$*UTF8*$!
{
	archiveVersion = 1;
	classes = {
	};
	objectVersion = 55;
	objects = {

/* Begin PBXBuildFile section */
		000DDFF9119152E713C36819 /* Pods_EYEPAXTests.framework in Frameworks */ = {isa = PBXBuildFile; fileRef = 07B511E0216277FD039852C2 /* Pods_EYEPAXTests.framework */; };
		5B2F4EBF8729E8E1A239A105 /* Pods_EYEPAX_EYEPAXUITests.framework in Frameworks */ = {isa = PBXBuildFile; fileRef = FC191503EF56F323DB948601 /* Pods_EYEPAX_EYEPAXUITests.framework */; };
		C980716C284647B400C90033 /* Assets.xcassets in Resources */ = {isa = PBXBuildFile; fileRef = C980716B284647B400C90033 /* Assets.xcassets */; };
		C980716F284647B400C90033 /* LaunchScreen.storyboard in Resources */ = {isa = PBXBuildFile; fileRef = C980716D284647B400C90033 /* LaunchScreen.storyboard */; };
		C980717A284647B400C90033 /* EYEPAXTests.swift in Sources */ = {isa = PBXBuildFile; fileRef = C9807179284647B400C90033 /* EYEPAXTests.swift */; };
		C9807184284647B400C90033 /* EYEPAXUITests.swift in Sources */ = {isa = PBXBuildFile; fileRef = C9807183284647B400C90033 /* EYEPAXUITests.swift */; };
		C9807186284647B400C90033 /* EYEPAXUITestsLaunchTests.swift in Sources */ = {isa = PBXBuildFile; fileRef = C9807185284647B400C90033 /* EYEPAXUITestsLaunchTests.swift */; };
		C98071C928464FF100C90033 /* ReactiveExtensiones.swift in Sources */ = {isa = PBXBuildFile; fileRef = C98071A228464FF100C90033 /* ReactiveExtensiones.swift */; };
		C98071CA28464FF100C90033 /* UIColor+Utils.swift in Sources */ = {isa = PBXBuildFile; fileRef = C98071A328464FF100C90033 /* UIColor+Utils.swift */; };
		C98071CB28464FF100C90033 /* StoryboardInitializable.swift in Sources */ = {isa = PBXBuildFile; fileRef = C98071A428464FF100C90033 /* StoryboardInitializable.swift */; };
		C98071CC28464FF100C90033 /* Extensions.swift in Sources */ = {isa = PBXBuildFile; fileRef = C98071A528464FF100C90033 /* Extensions.swift */; };
		C98071CD28464FF100C90033 /* Plist.swift in Sources */ = {isa = PBXBuildFile; fileRef = C98071A628464FF100C90033 /* Plist.swift */; };
		C98071CE28464FF100C90033 /* Font.swift in Sources */ = {isa = PBXBuildFile; fileRef = C98071A728464FF100C90033 /* Font.swift */; };
		C98071CF28464FF100C90033 /* UserAuth.swift in Sources */ = {isa = PBXBuildFile; fileRef = C98071AA28464FF100C90033 /* UserAuth.swift */; };
		C98071D028464FF100C90033 /* FacebookSignIn.swift in Sources */ = {isa = PBXBuildFile; fileRef = C98071AB28464FF100C90033 /* FacebookSignIn.swift */; };
		C98071D128464FF100C90033 /* SocialSignInVC.swift in Sources */ = {isa = PBXBuildFile; fileRef = C98071AC28464FF100C90033 /* SocialSignInVC.swift */; };
		C98071D228464FF100C90033 /* NCFBLoginButton.swift in Sources */ = {isa = PBXBuildFile; fileRef = C98071AD28464FF100C90033 /* NCFBLoginButton.swift */; };
		C98071D328464FF100C90033 /* SocialSignInVM.swift in Sources */ = {isa = PBXBuildFile; fileRef = C98071AE28464FF100C90033 /* SocialSignInVM.swift */; };
		C98071D428464FF100C90033 /* BaseCoordinator.swift in Sources */ = {isa = PBXBuildFile; fileRef = C98071B128464FF100C90033 /* BaseCoordinator.swift */; };
		C98071D528464FF100C90033 /* BaseCollectionVC.swift in Sources */ = {isa = PBXBuildFile; fileRef = C98071B328464FF100C90033 /* BaseCollectionVC.swift */; };
		C98071D628464FF100C90033 /* BaseTableViewVM.swift in Sources */ = {isa = PBXBuildFile; fileRef = C98071B428464FF100C90033 /* BaseTableViewVM.swift */; };
		C98071D728464FF100C90033 /* BaseVC.swift in Sources */ = {isa = PBXBuildFile; fileRef = C98071B528464FF100C90033 /* BaseVC.swift */; };
		C98071D828464FF100C90033 /* BaseFormVC.swift in Sources */ = {isa = PBXBuildFile; fileRef = C98071B628464FF100C90033 /* BaseFormVC.swift */; };
		C98071D928464FF100C90033 /* BaseSuperVC.swift in Sources */ = {isa = PBXBuildFile; fileRef = C98071B728464FF100C90033 /* BaseSuperVC.swift */; };
		C98071DA28464FF100C90033 /* BaseFormVM.swift in Sources */ = {isa = PBXBuildFile; fileRef = C98071B828464FF100C90033 /* BaseFormVM.swift */; };
		C98071DB28464FF100C90033 /* BaseTableViewVC.swift in Sources */ = {isa = PBXBuildFile; fileRef = C98071B928464FF100C90033 /* BaseTableViewVC.swift */; };
		C98071DC28464FF100C90033 /* BaseVM.swift in Sources */ = {isa = PBXBuildFile; fileRef = C98071BA28464FF100C90033 /* BaseVM.swift */; };
		C98071DD28464FF100C90033 /* BaseCollectionVM.swift in Sources */ = {isa = PBXBuildFile; fileRef = C98071BB28464FF100C90033 /* BaseCollectionVM.swift */; };
		C98071DE28464FF100C90033 /* BaseModel.swift in Sources */ = {isa = PBXBuildFile; fileRef = C98071BD28464FF100C90033 /* BaseModel.swift */; };
		C98071DF28464FF100C90033 /* BaseCVCell.swift in Sources */ = {isa = PBXBuildFile; fileRef = C98071BF28464FF100C90033 /* BaseCVCell.swift */; };
		C98071E028464FF100C90033 /* AnimateTextField.swift in Sources */ = {isa = PBXBuildFile; fileRef = C98071C028464FF100C90033 /* AnimateTextField.swift */; };
		C98071E128464FF100C90033 /* GenericView.swift in Sources */ = {isa = PBXBuildFile; fileRef = C98071C128464FF100C90033 /* GenericView.swift */; };
		C98071E228464FF100C90033 /* BaseButton.swift in Sources */ = {isa = PBXBuildFile; fileRef = C98071C228464FF100C90033 /* BaseButton.swift */; };
		C98071E328464FF100C90033 /* BaseTVCell.swift in Sources */ = {isa = PBXBuildFile; fileRef = C98071C328464FF100C90033 /* BaseTVCell.swift */; };
		C98071E428464FF100C90033 /* NCUIMaker.swift in Sources */ = {isa = PBXBuildFile; fileRef = C98071C528464FF100C90033 /* NCUIMaker.swift */; };
		C98071E528464FF100C90033 /* StringKeys.swift in Sources */ = {isa = PBXBuildFile; fileRef = C98071C628464FF100C90033 /* StringKeys.swift */; };
		C98071E628464FF100C90033 /* NCCustomMessageMaker.swift in Sources */ = {isa = PBXBuildFile; fileRef = C98071C728464FF100C90033 /* NCCustomMessageMaker.swift */; };
		C98071E728464FF100C90033 /* LoadingViewable.swift in Sources */ = {isa = PBXBuildFile; fileRef = C98071C828464FF100C90033 /* LoadingViewable.swift */; };
		C98071EB2846F58200C90033 /* Signin_VC.swift in Sources */ = {isa = PBXBuildFile; fileRef = C98071E82846F58100C90033 /* Signin_VC.swift */; };
		C98071EC2846F58200C90033 /* Main_Coordinator.swift in Sources */ = {isa = PBXBuildFile; fileRef = C98071E92846F58200C90033 /* Main_Coordinator.swift */; };
		C98071ED2846F58200C90033 /* Signin_MV.swift in Sources */ = {isa = PBXBuildFile; fileRef = C98071EA2846F58200C90033 /* Signin_MV.swift */; };
		C98071F32846F65B00C90033 /* AppDelegate.swift in Sources */ = {isa = PBXBuildFile; fileRef = C98071EE2846F65A00C90033 /* AppDelegate.swift */; };
		C98071F42846F65B00C90033 /* AppCoordinator.swift in Sources */ = {isa = PBXBuildFile; fileRef = C98071EF2846F65A00C90033 /* AppCoordinator.swift */; };
		C98071F52846F65B00C90033 /* Configuration.plist in Resources */ = {isa = PBXBuildFile; fileRef = C98071F02846F65A00C90033 /* Configuration.plist */; };
		C98071F62846F65B00C90033 /* AppConfig.swift in Sources */ = {isa = PBXBuildFile; fileRef = C98071F12846F65A00C90033 /* AppConfig.swift */; };
		C98071F72846F65B00C90033 /* SceneDelegate.swift in Sources */ = {isa = PBXBuildFile; fileRef = C98071F22846F65B00C90033 /* SceneDelegate.swift */; };
		C98072012846F73700C90033 /* GeneralArrayResponse.swift in Sources */ = {isa = PBXBuildFile; fileRef = C98071F92846F73700C90033 /* GeneralArrayResponse.swift */; };
		C98072022846F73700C90033 /* GeneralAuthResponse.swift in Sources */ = {isa = PBXBuildFile; fileRef = C98071FA2846F73700C90033 /* GeneralAuthResponse.swift */; };
		C98072032846F73700C90033 /* RestClientError.swift in Sources */ = {isa = PBXBuildFile; fileRef = C98071FB2846F73700C90033 /* RestClientError.swift */; };
		C98072042846F73700C90033 /* GeneralObjectResponse.swift in Sources */ = {isa = PBXBuildFile; fileRef = C98071FC2846F73700C90033 /* GeneralObjectResponse.swift */; };
		C98072052846F73700C90033 /* GeneralEmptyDataResponse.swift in Sources */ = {isa = PBXBuildFile; fileRef = C98071FD2846F73700C90033 /* GeneralEmptyDataResponse.swift */; };
		C98072072846F73700C90033 /* HTTPService.swift in Sources */ = {isa = PBXBuildFile; fileRef = C98072002846F73700C90033 /* HTTPService.swift */; };
		C980720E28470BFD00C90033 /* Dashboard_VM.swift in Sources */ = {isa = PBXBuildFile; fileRef = C980720D28470BFD00C90033 /* Dashboard_VM.swift */; };
		C980721028470C0800C90033 /* Dashboard_VC.swift in Sources */ = {isa = PBXBuildFile; fileRef = C980720F28470C0800C90033 /* Dashboard_VC.swift */; };
		C9807212284719EC00C90033 /* Main.storyboard in Resources */ = {isa = PBXBuildFile; fileRef = C9807211284719EC00C90033 /* Main.storyboard */; };
		C980721C2847466F00C90033 /* Article.swift in Sources */ = {isa = PBXBuildFile; fileRef = C980721B2847466F00C90033 /* Article.swift */; };
		C980721E2847468100C90033 /* Source.swift in Sources */ = {isa = PBXBuildFile; fileRef = C980721D2847468100C90033 /* Source.swift */; };
		C9807220284749AF00C90033 /* NewsAPIProtocol.swift in Sources */ = {isa = PBXBuildFile; fileRef = C980721F284749AF00C90033 /* NewsAPIProtocol.swift */; };
		D3CE5DD9FC9ABEB258F9073F /* Pods_EYEPAX.framework in Frameworks */ = {isa = PBXBuildFile; fileRef = BD3190E5E1105323EDB67EED /* Pods_EYEPAX.framework */; };
/* End PBXBuildFile section */

/* Begin PBXContainerItemProxy section */
		C9807176284647B400C90033 /* PBXContainerItemProxy */ = {
			isa = PBXContainerItemProxy;
			containerPortal = C9807157284647B300C90033 /* Project object */;
			proxyType = 1;
			remoteGlobalIDString = C980715E284647B300C90033;
			remoteInfo = EYEPAX;
		};
		C9807180284647B400C90033 /* PBXContainerItemProxy */ = {
			isa = PBXContainerItemProxy;
			containerPortal = C9807157284647B300C90033 /* Project object */;
			proxyType = 1;
			remoteGlobalIDString = C980715E284647B300C90033;
			remoteInfo = EYEPAX;
		};
/* End PBXContainerItemProxy section */

/* Begin PBXFileReference section */
		07B511E0216277FD039852C2 /* Pods_EYEPAXTests.framework */ = {isa = PBXFileReference; explicitFileType = wrapper.framework; includeInIndex = 0; path = Pods_EYEPAXTests.framework; sourceTree = BUILT_PRODUCTS_DIR; };
		0FC9B984747C94C09844E500 /* Pods-EYEPAX-EYEPAXUITests.debug.xcconfig */ = {isa = PBXFileReference; includeInIndex = 1; lastKnownFileType = text.xcconfig; name = "Pods-EYEPAX-EYEPAXUITests.debug.xcconfig"; path = "Target Support Files/Pods-EYEPAX-EYEPAXUITests/Pods-EYEPAX-EYEPAXUITests.debug.xcconfig"; sourceTree = "<group>"; };
		16AC15C4A1113B9FEA77A136 /* Pods-EYEPAX.release.xcconfig */ = {isa = PBXFileReference; includeInIndex = 1; lastKnownFileType = text.xcconfig; name = "Pods-EYEPAX.release.xcconfig"; path = "Target Support Files/Pods-EYEPAX/Pods-EYEPAX.release.xcconfig"; sourceTree = "<group>"; };
		37CFA381760DA0DE372F6AFA /* Pods-EYEPAXTests.release.xcconfig */ = {isa = PBXFileReference; includeInIndex = 1; lastKnownFileType = text.xcconfig; name = "Pods-EYEPAXTests.release.xcconfig"; path = "Target Support Files/Pods-EYEPAXTests/Pods-EYEPAXTests.release.xcconfig"; sourceTree = "<group>"; };
		4F67C42864BE2CA8E55F2C6F /* Pods-EYEPAX-EYEPAXUITests.release.xcconfig */ = {isa = PBXFileReference; includeInIndex = 1; lastKnownFileType = text.xcconfig; name = "Pods-EYEPAX-EYEPAXUITests.release.xcconfig"; path = "Target Support Files/Pods-EYEPAX-EYEPAXUITests/Pods-EYEPAX-EYEPAXUITests.release.xcconfig"; sourceTree = "<group>"; };
		99F84310F002E4F8419937C0 /* Pods-EYEPAXTests.debug.xcconfig */ = {isa = PBXFileReference; includeInIndex = 1; lastKnownFileType = text.xcconfig; name = "Pods-EYEPAXTests.debug.xcconfig"; path = "Target Support Files/Pods-EYEPAXTests/Pods-EYEPAXTests.debug.xcconfig"; sourceTree = "<group>"; };
		9D07B90A7BC9BC72582D2418 /* Pods-EYEPAX.debug.xcconfig */ = {isa = PBXFileReference; includeInIndex = 1; lastKnownFileType = text.xcconfig; name = "Pods-EYEPAX.debug.xcconfig"; path = "Target Support Files/Pods-EYEPAX/Pods-EYEPAX.debug.xcconfig"; sourceTree = "<group>"; };
		BD3190E5E1105323EDB67EED /* Pods_EYEPAX.framework */ = {isa = PBXFileReference; explicitFileType = wrapper.framework; includeInIndex = 0; path = Pods_EYEPAX.framework; sourceTree = BUILT_PRODUCTS_DIR; };
		C980715F284647B300C90033 /* EYEPAX.app */ = {isa = PBXFileReference; explicitFileType = wrapper.application; includeInIndex = 0; path = EYEPAX.app; sourceTree = BUILT_PRODUCTS_DIR; };
		C980716B284647B400C90033 /* Assets.xcassets */ = {isa = PBXFileReference; lastKnownFileType = folder.assetcatalog; path = Assets.xcassets; sourceTree = "<group>"; };
		C980716E284647B400C90033 /* Base */ = {isa = PBXFileReference; lastKnownFileType = file.storyboard; name = Base; path = Base.lproj/LaunchScreen.storyboard; sourceTree = "<group>"; };
		C9807170284647B400C90033 /* Info.plist */ = {isa = PBXFileReference; lastKnownFileType = text.plist.xml; path = Info.plist; sourceTree = "<group>"; };
		C9807175284647B400C90033 /* EYEPAXTests.xctest */ = {isa = PBXFileReference; explicitFileType = wrapper.cfbundle; includeInIndex = 0; path = EYEPAXTests.xctest; sourceTree = BUILT_PRODUCTS_DIR; };
		C9807179284647B400C90033 /* EYEPAXTests.swift */ = {isa = PBXFileReference; lastKnownFileType = sourcecode.swift; path = EYEPAXTests.swift; sourceTree = "<group>"; };
		C980717F284647B400C90033 /* EYEPAXUITests.xctest */ = {isa = PBXFileReference; explicitFileType = wrapper.cfbundle; includeInIndex = 0; path = EYEPAXUITests.xctest; sourceTree = BUILT_PRODUCTS_DIR; };
		C9807183284647B400C90033 /* EYEPAXUITests.swift */ = {isa = PBXFileReference; lastKnownFileType = sourcecode.swift; path = EYEPAXUITests.swift; sourceTree = "<group>"; };
		C9807185284647B400C90033 /* EYEPAXUITestsLaunchTests.swift */ = {isa = PBXFileReference; lastKnownFileType = sourcecode.swift; path = EYEPAXUITestsLaunchTests.swift; sourceTree = "<group>"; };
		C98071A228464FF100C90033 /* ReactiveExtensiones.swift */ = {isa = PBXFileReference; fileEncoding = 4; lastKnownFileType = sourcecode.swift; path = ReactiveExtensiones.swift; sourceTree = "<group>"; };
		C98071A328464FF100C90033 /* UIColor+Utils.swift */ = {isa = PBXFileReference; fileEncoding = 4; lastKnownFileType = sourcecode.swift; path = "UIColor+Utils.swift"; sourceTree = "<group>"; };
		C98071A428464FF100C90033 /* StoryboardInitializable.swift */ = {isa = PBXFileReference; fileEncoding = 4; lastKnownFileType = sourcecode.swift; path = StoryboardInitializable.swift; sourceTree = "<group>"; };
		C98071A528464FF100C90033 /* Extensions.swift */ = {isa = PBXFileReference; fileEncoding = 4; lastKnownFileType = sourcecode.swift; path = Extensions.swift; sourceTree = "<group>"; };
		C98071A628464FF100C90033 /* Plist.swift */ = {isa = PBXFileReference; fileEncoding = 4; lastKnownFileType = sourcecode.swift; path = Plist.swift; sourceTree = "<group>"; };
		C98071A728464FF100C90033 /* Font.swift */ = {isa = PBXFileReference; fileEncoding = 4; lastKnownFileType = sourcecode.swift; path = Font.swift; sourceTree = "<group>"; };
		C98071AA28464FF100C90033 /* UserAuth.swift */ = {isa = PBXFileReference; fileEncoding = 4; lastKnownFileType = sourcecode.swift; path = UserAuth.swift; sourceTree = "<group>"; };
		C98071AB28464FF100C90033 /* FacebookSignIn.swift */ = {isa = PBXFileReference; fileEncoding = 4; lastKnownFileType = sourcecode.swift; path = FacebookSignIn.swift; sourceTree = "<group>"; };
		C98071AC28464FF100C90033 /* SocialSignInVC.swift */ = {isa = PBXFileReference; fileEncoding = 4; lastKnownFileType = sourcecode.swift; path = SocialSignInVC.swift; sourceTree = "<group>"; };
		C98071AD28464FF100C90033 /* NCFBLoginButton.swift */ = {isa = PBXFileReference; fileEncoding = 4; lastKnownFileType = sourcecode.swift; path = NCFBLoginButton.swift; sourceTree = "<group>"; };
		C98071AE28464FF100C90033 /* SocialSignInVM.swift */ = {isa = PBXFileReference; fileEncoding = 4; lastKnownFileType = sourcecode.swift; path = SocialSignInVM.swift; sourceTree = "<group>"; };
		C98071B128464FF100C90033 /* BaseCoordinator.swift */ = {isa = PBXFileReference; fileEncoding = 4; lastKnownFileType = sourcecode.swift; path = BaseCoordinator.swift; sourceTree = "<group>"; };
		C98071B328464FF100C90033 /* BaseCollectionVC.swift */ = {isa = PBXFileReference; fileEncoding = 4; lastKnownFileType = sourcecode.swift; path = BaseCollectionVC.swift; sourceTree = "<group>"; };
		C98071B428464FF100C90033 /* BaseTableViewVM.swift */ = {isa = PBXFileReference; fileEncoding = 4; lastKnownFileType = sourcecode.swift; path = BaseTableViewVM.swift; sourceTree = "<group>"; };
		C98071B528464FF100C90033 /* BaseVC.swift */ = {isa = PBXFileReference; fileEncoding = 4; lastKnownFileType = sourcecode.swift; path = BaseVC.swift; sourceTree = "<group>"; };
		C98071B628464FF100C90033 /* BaseFormVC.swift */ = {isa = PBXFileReference; fileEncoding = 4; lastKnownFileType = sourcecode.swift; path = BaseFormVC.swift; sourceTree = "<group>"; };
		C98071B728464FF100C90033 /* BaseSuperVC.swift */ = {isa = PBXFileReference; fileEncoding = 4; lastKnownFileType = sourcecode.swift; path = BaseSuperVC.swift; sourceTree = "<group>"; };
		C98071B828464FF100C90033 /* BaseFormVM.swift */ = {isa = PBXFileReference; fileEncoding = 4; lastKnownFileType = sourcecode.swift; path = BaseFormVM.swift; sourceTree = "<group>"; };
		C98071B928464FF100C90033 /* BaseTableViewVC.swift */ = {isa = PBXFileReference; fileEncoding = 4; lastKnownFileType = sourcecode.swift; path = BaseTableViewVC.swift; sourceTree = "<group>"; };
		C98071BA28464FF100C90033 /* BaseVM.swift */ = {isa = PBXFileReference; fileEncoding = 4; lastKnownFileType = sourcecode.swift; path = BaseVM.swift; sourceTree = "<group>"; };
		C98071BB28464FF100C90033 /* BaseCollectionVM.swift */ = {isa = PBXFileReference; fileEncoding = 4; lastKnownFileType = sourcecode.swift; path = BaseCollectionVM.swift; sourceTree = "<group>"; };
		C98071BD28464FF100C90033 /* BaseModel.swift */ = {isa = PBXFileReference; fileEncoding = 4; lastKnownFileType = sourcecode.swift; path = BaseModel.swift; sourceTree = "<group>"; };
		C98071BF28464FF100C90033 /* BaseCVCell.swift */ = {isa = PBXFileReference; fileEncoding = 4; lastKnownFileType = sourcecode.swift; path = BaseCVCell.swift; sourceTree = "<group>"; };
		C98071C028464FF100C90033 /* AnimateTextField.swift */ = {isa = PBXFileReference; fileEncoding = 4; lastKnownFileType = sourcecode.swift; path = AnimateTextField.swift; sourceTree = "<group>"; };
		C98071C128464FF100C90033 /* GenericView.swift */ = {isa = PBXFileReference; fileEncoding = 4; lastKnownFileType = sourcecode.swift; path = GenericView.swift; sourceTree = "<group>"; };
		C98071C228464FF100C90033 /* BaseButton.swift */ = {isa = PBXFileReference; fileEncoding = 4; lastKnownFileType = sourcecode.swift; path = BaseButton.swift; sourceTree = "<group>"; };
		C98071C328464FF100C90033 /* BaseTVCell.swift */ = {isa = PBXFileReference; fileEncoding = 4; lastKnownFileType = sourcecode.swift; path = BaseTVCell.swift; sourceTree = "<group>"; };
		C98071C528464FF100C90033 /* NCUIMaker.swift */ = {isa = PBXFileReference; fileEncoding = 4; lastKnownFileType = sourcecode.swift; path = NCUIMaker.swift; sourceTree = "<group>"; };
		C98071C628464FF100C90033 /* StringKeys.swift */ = {isa = PBXFileReference; fileEncoding = 4; lastKnownFileType = sourcecode.swift; path = StringKeys.swift; sourceTree = "<group>"; };
		C98071C728464FF100C90033 /* NCCustomMessageMaker.swift */ = {isa = PBXFileReference; fileEncoding = 4; lastKnownFileType = sourcecode.swift; path = NCCustomMessageMaker.swift; sourceTree = "<group>"; };
		C98071C828464FF100C90033 /* LoadingViewable.swift */ = {isa = PBXFileReference; fileEncoding = 4; lastKnownFileType = sourcecode.swift; path = LoadingViewable.swift; sourceTree = "<group>"; };
		C98071E82846F58100C90033 /* Signin_VC.swift */ = {isa = PBXFileReference; fileEncoding = 4; lastKnownFileType = sourcecode.swift; path = Signin_VC.swift; sourceTree = "<group>"; };
		C98071E92846F58200C90033 /* Main_Coordinator.swift */ = {isa = PBXFileReference; fileEncoding = 4; lastKnownFileType = sourcecode.swift; path = Main_Coordinator.swift; sourceTree = "<group>"; };
		C98071EA2846F58200C90033 /* Signin_MV.swift */ = {isa = PBXFileReference; fileEncoding = 4; lastKnownFileType = sourcecode.swift; path = Signin_MV.swift; sourceTree = "<group>"; };
		C98071EE2846F65A00C90033 /* AppDelegate.swift */ = {isa = PBXFileReference; fileEncoding = 4; lastKnownFileType = sourcecode.swift; path = AppDelegate.swift; sourceTree = "<group>"; };
		C98071EF2846F65A00C90033 /* AppCoordinator.swift */ = {isa = PBXFileReference; fileEncoding = 4; lastKnownFileType = sourcecode.swift; path = AppCoordinator.swift; sourceTree = "<group>"; };
		C98071F02846F65A00C90033 /* Configuration.plist */ = {isa = PBXFileReference; fileEncoding = 4; lastKnownFileType = text.plist.xml; path = Configuration.plist; sourceTree = "<group>"; };
		C98071F12846F65A00C90033 /* AppConfig.swift */ = {isa = PBXFileReference; fileEncoding = 4; lastKnownFileType = sourcecode.swift; path = AppConfig.swift; sourceTree = "<group>"; };
		C98071F22846F65B00C90033 /* SceneDelegate.swift */ = {isa = PBXFileReference; fileEncoding = 4; lastKnownFileType = sourcecode.swift; path = SceneDelegate.swift; sourceTree = "<group>"; };
		C98071F92846F73700C90033 /* GeneralArrayResponse.swift */ = {isa = PBXFileReference; fileEncoding = 4; lastKnownFileType = sourcecode.swift; path = GeneralArrayResponse.swift; sourceTree = "<group>"; };
		C98071FA2846F73700C90033 /* GeneralAuthResponse.swift */ = {isa = PBXFileReference; fileEncoding = 4; lastKnownFileType = sourcecode.swift; path = GeneralAuthResponse.swift; sourceTree = "<group>"; };
		C98071FB2846F73700C90033 /* RestClientError.swift */ = {isa = PBXFileReference; fileEncoding = 4; lastKnownFileType = sourcecode.swift; path = RestClientError.swift; sourceTree = "<group>"; };
		C98071FC2846F73700C90033 /* GeneralObjectResponse.swift */ = {isa = PBXFileReference; fileEncoding = 4; lastKnownFileType = sourcecode.swift; path = GeneralObjectResponse.swift; sourceTree = "<group>"; };
		C98071FD2846F73700C90033 /* GeneralEmptyDataResponse.swift */ = {isa = PBXFileReference; fileEncoding = 4; lastKnownFileType = sourcecode.swift; path = GeneralEmptyDataResponse.swift; sourceTree = "<group>"; };
		C98072002846F73700C90033 /* HTTPService.swift */ = {isa = PBXFileReference; fileEncoding = 4; lastKnownFileType = sourcecode.swift; path = HTTPService.swift; sourceTree = "<group>"; };
		C980720D28470BFD00C90033 /* Dashboard_VM.swift */ = {isa = PBXFileReference; lastKnownFileType = sourcecode.swift; path = Dashboard_VM.swift; sourceTree = "<group>"; };
		C980720F28470C0800C90033 /* Dashboard_VC.swift */ = {isa = PBXFileReference; lastKnownFileType = sourcecode.swift; path = Dashboard_VC.swift; sourceTree = "<group>"; };
		C9807211284719EC00C90033 /* Main.storyboard */ = {isa = PBXFileReference; lastKnownFileType = file.storyboard; path = Main.storyboard; sourceTree = "<group>"; };
		C980721B2847466F00C90033 /* Article.swift */ = {isa = PBXFileReference; lastKnownFileType = sourcecode.swift; path = Article.swift; sourceTree = "<group>"; };
		C980721D2847468100C90033 /* Source.swift */ = {isa = PBXFileReference; lastKnownFileType = sourcecode.swift; path = Source.swift; sourceTree = "<group>"; };
		C980721F284749AF00C90033 /* NewsAPIProtocol.swift */ = {isa = PBXFileReference; lastKnownFileType = sourcecode.swift; path = NewsAPIProtocol.swift; sourceTree = "<group>"; };
		FC191503EF56F323DB948601 /* Pods_EYEPAX_EYEPAXUITests.framework */ = {isa = PBXFileReference; explicitFileType = wrapper.framework; includeInIndex = 0; path = Pods_EYEPAX_EYEPAXUITests.framework; sourceTree = BUILT_PRODUCTS_DIR; };
/* End PBXFileReference section */

/* Begin PBXFrameworksBuildPhase section */
		C980715C284647B300C90033 /* Frameworks */ = {
			isa = PBXFrameworksBuildPhase;
			buildActionMask = 2147483647;
			files = (
				D3CE5DD9FC9ABEB258F9073F /* Pods_EYEPAX.framework in Frameworks */,
			);
			runOnlyForDeploymentPostprocessing = 0;
		};
		C9807172284647B400C90033 /* Frameworks */ = {
			isa = PBXFrameworksBuildPhase;
			buildActionMask = 2147483647;
			files = (
				000DDFF9119152E713C36819 /* Pods_EYEPAXTests.framework in Frameworks */,
			);
			runOnlyForDeploymentPostprocessing = 0;
		};
		C980717C284647B400C90033 /* Frameworks */ = {
			isa = PBXFrameworksBuildPhase;
			buildActionMask = 2147483647;
			files = (
				5B2F4EBF8729E8E1A239A105 /* Pods_EYEPAX_EYEPAXUITests.framework in Frameworks */,
			);
			runOnlyForDeploymentPostprocessing = 0;
		};
/* End PBXFrameworksBuildPhase section */

/* Begin PBXGroup section */
		58D214365D94B9AF58D4C20D /* Pods */ = {
			isa = PBXGroup;
			children = (
				9D07B90A7BC9BC72582D2418 /* Pods-EYEPAX.debug.xcconfig */,
				16AC15C4A1113B9FEA77A136 /* Pods-EYEPAX.release.xcconfig */,
				0FC9B984747C94C09844E500 /* Pods-EYEPAX-EYEPAXUITests.debug.xcconfig */,
				4F67C42864BE2CA8E55F2C6F /* Pods-EYEPAX-EYEPAXUITests.release.xcconfig */,
				99F84310F002E4F8419937C0 /* Pods-EYEPAXTests.debug.xcconfig */,
				37CFA381760DA0DE372F6AFA /* Pods-EYEPAXTests.release.xcconfig */,
			);
			path = Pods;
			sourceTree = "<group>";
		};
		B7C6104E404E893AA281EB44 /* Frameworks */ = {
			isa = PBXGroup;
			children = (
				BD3190E5E1105323EDB67EED /* Pods_EYEPAX.framework */,
				FC191503EF56F323DB948601 /* Pods_EYEPAX_EYEPAXUITests.framework */,
				07B511E0216277FD039852C2 /* Pods_EYEPAXTests.framework */,
			);
			name = Frameworks;
			sourceTree = "<group>";
		};
		C9807156284647B300C90033 = {
			isa = PBXGroup;
			children = (
				C9807161284647B300C90033 /* EYEPAX */,
				C9807178284647B400C90033 /* EYEPAXTests */,
				C9807182284647B400C90033 /* EYEPAXUITests */,
				C9807160284647B300C90033 /* Products */,
				58D214365D94B9AF58D4C20D /* Pods */,
				B7C6104E404E893AA281EB44 /* Frameworks */,
			);
			sourceTree = "<group>";
		};
		C9807160284647B300C90033 /* Products */ = {
			isa = PBXGroup;
			children = (
				C980715F284647B300C90033 /* EYEPAX.app */,
				C9807175284647B400C90033 /* EYEPAXTests.xctest */,
				C980717F284647B400C90033 /* EYEPAXUITests.xctest */,
			);
			name = Products;
			sourceTree = "<group>";
		};
		C9807161284647B300C90033 /* EYEPAX */ = {
			isa = PBXGroup;
			children = (
				C980719228464CB400C90033 /* Application */,
				C98071A028464FF100C90033 /* Common */,
				C980719C28464E1E00C90033 /* Network */,
				C980719428464D5400C90033 /* View */,
				C980719728464D8B00C90033 /* Model */,
				C980719628464D7900C90033 /* Resources */,
				C980719328464CF700C90033 /* SupportingFiles */,
			);
			path = EYEPAX;
			sourceTree = "<group>";
		};
		C9807178284647B400C90033 /* EYEPAXTests */ = {
			isa = PBXGroup;
			children = (
				C9807179284647B400C90033 /* EYEPAXTests.swift */,
			);
			path = EYEPAXTests;
			sourceTree = "<group>";
		};
		C9807182284647B400C90033 /* EYEPAXUITests */ = {
			isa = PBXGroup;
			children = (
				C9807183284647B400C90033 /* EYEPAXUITests.swift */,
				C9807185284647B400C90033 /* EYEPAXUITestsLaunchTests.swift */,
			);
			path = EYEPAXUITests;
			sourceTree = "<group>";
		};
		C980719228464CB400C90033 /* Application */ = {
			isa = PBXGroup;
			children = (
				C98071F02846F65A00C90033 /* Configuration.plist */,
				C98071F12846F65A00C90033 /* AppConfig.swift */,
				C98071EE2846F65A00C90033 /* AppDelegate.swift */,
				C98071F22846F65B00C90033 /* SceneDelegate.swift */,
				C98071EF2846F65A00C90033 /* AppCoordinator.swift */,
			);
			path = Application;
			sourceTree = "<group>";
		};
		C980719328464CF700C90033 /* SupportingFiles */ = {
			isa = PBXGroup;
			children = (
				C9807170284647B400C90033 /* Info.plist */,
			);
			name = SupportingFiles;
			sourceTree = "<group>";
		};
		C980719428464D5400C90033 /* View */ = {
			isa = PBXGroup;
			children = (
				C980719928464DA500C90033 /* Coordinators */,
				C980719A28464DC900C90033 /* TableVCollectionVCells */,
				C980719528464D5E00C90033 /* StoryBoards */,
			);
			path = View;
			sourceTree = "<group>";
		};
		C980719528464D5E00C90033 /* StoryBoards */ = {
			isa = PBXGroup;
			children = (
				C980716D284647B400C90033 /* LaunchScreen.storyboard */,
				C9807211284719EC00C90033 /* Main.storyboard */,
			);
			name = StoryBoards;
			sourceTree = "<group>";
		};
		C980719628464D7900C90033 /* Resources */ = {
			isa = PBXGroup;
			children = (
				C980716B284647B400C90033 /* Assets.xcassets */,
			);
			name = Resources;
			sourceTree = "<group>";
		};
		C980719728464D8B00C90033 /* Model */ = {
			isa = PBXGroup;
			children = (
				C980721B2847466F00C90033 /* Article.swift */,
				C980721D2847468100C90033 /* Source.swift */,
			);
			path = Model;
			sourceTree = "<group>";
		};
		C980719928464DA500C90033 /* Coordinators */ = {
			isa = PBXGroup;
			children = (
				C980719B28464E0800C90033 /* MainCoordinator */,
			);
			path = Coordinators;
			sourceTree = "<group>";
		};
		C980719A28464DC900C90033 /* TableVCollectionVCells */ = {
			isa = PBXGroup;
			children = (
			);
			path = TableVCollectionVCells;
			sourceTree = "<group>";
		};
		C980719B28464E0800C90033 /* MainCoordinator */ = {
			isa = PBXGroup;
			children = (
				C98071E92846F58200C90033 /* Main_Coordinator.swift */,
				C98071EA2846F58200C90033 /* Signin_MV.swift */,
				C98071E82846F58100C90033 /* Signin_VC.swift */,
				C980720D28470BFD00C90033 /* Dashboard_VM.swift */,
				C980720F28470C0800C90033 /* Dashboard_VC.swift */,
			);
			path = MainCoordinator;
			sourceTree = "<group>";
		};
		C980719C28464E1E00C90033 /* Network */ = {
			isa = PBXGroup;
			children = (
				C980719D28464E3100C90033 /* APIProtocols */,
			);
			path = Network;
			sourceTree = "<group>";
		};
		C980719D28464E3100C90033 /* APIProtocols */ = {
			isa = PBXGroup;
			children = (
				C980721F284749AF00C90033 /* NewsAPIProtocol.swift */,
			);
			path = APIProtocols;
			sourceTree = "<group>";
		};
		C98071A028464FF100C90033 /* Common */ = {
			isa = PBXGroup;
			children = (
				C98071F82846F73700C90033 /* Network */,
				C98071A128464FF100C90033 /* Utilities */,
				C98071A828464FF100C90033 /* Components */,
				C98071AF28464FF100C90033 /* Architectural */,
				C98071C428464FF100C90033 /* Helpers */,
			);
			path = Common;
			sourceTree = "<group>";
		};
		C98071A128464FF100C90033 /* Utilities */ = {
			isa = PBXGroup;
			children = (
				C98071A228464FF100C90033 /* ReactiveExtensiones.swift */,
				C98071A328464FF100C90033 /* UIColor+Utils.swift */,
				C98071A428464FF100C90033 /* StoryboardInitializable.swift */,
				C98071A528464FF100C90033 /* Extensions.swift */,
				C98071A628464FF100C90033 /* Plist.swift */,
				C98071A728464FF100C90033 /* Font.swift */,
			);
			path = Utilities;
			sourceTree = "<group>";
		};
		C98071A828464FF100C90033 /* Components */ = {
			isa = PBXGroup;
			children = (
				C98071A928464FF100C90033 /* SocialSignIn */,
			);
			path = Components;
			sourceTree = "<group>";
		};
		C98071A928464FF100C90033 /* SocialSignIn */ = {
			isa = PBXGroup;
			children = (
				C98071AA28464FF100C90033 /* UserAuth.swift */,
				C98071AB28464FF100C90033 /* FacebookSignIn.swift */,
				C98071AC28464FF100C90033 /* SocialSignInVC.swift */,
				C98071AD28464FF100C90033 /* NCFBLoginButton.swift */,
				C98071AE28464FF100C90033 /* SocialSignInVM.swift */,
			);
			path = SocialSignIn;
			sourceTree = "<group>";
		};
		C98071AF28464FF100C90033 /* Architectural */ = {
			isa = PBXGroup;
			children = (
				C98071B028464FF100C90033 /* BaseCoodinator */,
				C98071B228464FF100C90033 /* BaseViewControllers */,
				C98071BC28464FF100C90033 /* BaseModels */,
				C98071BE28464FF100C90033 /* BaseViews */,
			);
			path = Architectural;
			sourceTree = "<group>";
		};
		C98071B028464FF100C90033 /* BaseCoodinator */ = {
			isa = PBXGroup;
			children = (
				C98071B128464FF100C90033 /* BaseCoordinator.swift */,
			);
			path = BaseCoodinator;
			sourceTree = "<group>";
		};
		C98071B228464FF100C90033 /* BaseViewControllers */ = {
			isa = PBXGroup;
			children = (
				C98071B728464FF100C90033 /* BaseSuperVC.swift */,
				C98071B528464FF100C90033 /* BaseVC.swift */,
				C98071BA28464FF100C90033 /* BaseVM.swift */,
				C98071B928464FF100C90033 /* BaseTableViewVC.swift */,
				C98071B428464FF100C90033 /* BaseTableViewVM.swift */,
				C98071B328464FF100C90033 /* BaseCollectionVC.swift */,
				C98071BB28464FF100C90033 /* BaseCollectionVM.swift */,
				C98071B628464FF100C90033 /* BaseFormVC.swift */,
				C98071B828464FF100C90033 /* BaseFormVM.swift */,
			);
			path = BaseViewControllers;
			sourceTree = "<group>";
		};
		C98071BC28464FF100C90033 /* BaseModels */ = {
			isa = PBXGroup;
			children = (
				C98071BD28464FF100C90033 /* BaseModel.swift */,
			);
			path = BaseModels;
			sourceTree = "<group>";
		};
		C98071BE28464FF100C90033 /* BaseViews */ = {
			isa = PBXGroup;
			children = (
				C98071BF28464FF100C90033 /* BaseCVCell.swift */,
				C98071C028464FF100C90033 /* AnimateTextField.swift */,
				C98071C128464FF100C90033 /* GenericView.swift */,
				C98071C228464FF100C90033 /* BaseButton.swift */,
				C98071C328464FF100C90033 /* BaseTVCell.swift */,
			);
			path = BaseViews;
			sourceTree = "<group>";
		};
		C98071C428464FF100C90033 /* Helpers */ = {
			isa = PBXGroup;
			children = (
				C98071C528464FF100C90033 /* NCUIMaker.swift */,
				C98071C628464FF100C90033 /* StringKeys.swift */,
				C98071C728464FF100C90033 /* NCCustomMessageMaker.swift */,
				C98071C828464FF100C90033 /* LoadingViewable.swift */,
			);
			path = Helpers;
			sourceTree = "<group>";
		};
		C98071F82846F73700C90033 /* Network */ = {
			isa = PBXGroup;
			children = (
				C98072002846F73700C90033 /* HTTPService.swift */,
				C98071FB2846F73700C90033 /* RestClientError.swift */,
				C98071FD2846F73700C90033 /* GeneralEmptyDataResponse.swift */,
				C98071FC2846F73700C90033 /* GeneralObjectResponse.swift */,
				C98071FA2846F73700C90033 /* GeneralAuthResponse.swift */,
				C98071F92846F73700C90033 /* GeneralArrayResponse.swift */,
			);
			path = Network;
			sourceTree = "<group>";
		};
/* End PBXGroup section */

/* Begin PBXNativeTarget section */
		C980715E284647B300C90033 /* EYEPAX */ = {
			isa = PBXNativeTarget;
			buildConfigurationList = C9807189284647B400C90033 /* Build configuration list for PBXNativeTarget "EYEPAX" */;
			buildPhases = (
				E0B074D8024BF0063E86B4A3 /* [CP] Check Pods Manifest.lock */,
				C980715B284647B300C90033 /* Sources */,
				C980715C284647B300C90033 /* Frameworks */,
				C980715D284647B300C90033 /* Resources */,
				926E65178A32B7BAED818D48 /* [CP] Embed Pods Frameworks */,
			);
			buildRules = (
			);
			dependencies = (
			);
			name = EYEPAX;
			productName = EYEPAX;
			productReference = C980715F284647B300C90033 /* EYEPAX.app */;
			productType = "com.apple.product-type.application";
		};
		C9807174284647B400C90033 /* EYEPAXTests */ = {
			isa = PBXNativeTarget;
			buildConfigurationList = C980718C284647B400C90033 /* Build configuration list for PBXNativeTarget "EYEPAXTests" */;
			buildPhases = (
				811B1A17F6D9518625D479F0 /* [CP] Check Pods Manifest.lock */,
				C9807171284647B400C90033 /* Sources */,
				C9807172284647B400C90033 /* Frameworks */,
				C9807173284647B400C90033 /* Resources */,
			);
			buildRules = (
			);
			dependencies = (
				C9807177284647B400C90033 /* PBXTargetDependency */,
			);
			name = EYEPAXTests;
			productName = EYEPAXTests;
			productReference = C9807175284647B400C90033 /* EYEPAXTests.xctest */;
			productType = "com.apple.product-type.bundle.unit-test";
		};
		C980717E284647B400C90033 /* EYEPAXUITests */ = {
			isa = PBXNativeTarget;
			buildConfigurationList = C980718F284647B400C90033 /* Build configuration list for PBXNativeTarget "EYEPAXUITests" */;
			buildPhases = (
				C801A2975B0B3B977C193934 /* [CP] Check Pods Manifest.lock */,
				C980717B284647B400C90033 /* Sources */,
				C980717C284647B400C90033 /* Frameworks */,
				C980717D284647B400C90033 /* Resources */,
				CACDA7C1D126D87503CBD3C0 /* [CP] Embed Pods Frameworks */,
			);
			buildRules = (
			);
			dependencies = (
				C9807181284647B400C90033 /* PBXTargetDependency */,
			);
			name = EYEPAXUITests;
			productName = EYEPAXUITests;
			productReference = C980717F284647B400C90033 /* EYEPAXUITests.xctest */;
			productType = "com.apple.product-type.bundle.ui-testing";
		};
/* End PBXNativeTarget section */

/* Begin PBXProject section */
		C9807157284647B300C90033 /* Project object */ = {
			isa = PBXProject;
			attributes = {
				BuildIndependentTargetsInParallel = 1;
				LastSwiftUpdateCheck = 1330;
				LastUpgradeCheck = 1330;
				ORGANIZATIONNAME = "Nadeesha Lakmal";
				TargetAttributes = {
					C980715E284647B300C90033 = {
						CreatedOnToolsVersion = 13.3.1;
					};
					C9807174284647B400C90033 = {
						CreatedOnToolsVersion = 13.3.1;
						TestTargetID = C980715E284647B300C90033;
					};
					C980717E284647B400C90033 = {
						CreatedOnToolsVersion = 13.3.1;
						TestTargetID = C980715E284647B300C90033;
					};
				};
			};
			buildConfigurationList = C980715A284647B300C90033 /* Build configuration list for PBXProject "EYEPAX" */;
			compatibilityVersion = "Xcode 13.0";
			developmentRegion = en;
			hasScannedForEncodings = 0;
			knownRegions = (
				en,
				Base,
			);
			mainGroup = C9807156284647B300C90033;
			productRefGroup = C9807160284647B300C90033 /* Products */;
			projectDirPath = "";
			projectRoot = "";
			targets = (
				C980715E284647B300C90033 /* EYEPAX */,
				C9807174284647B400C90033 /* EYEPAXTests */,
				C980717E284647B400C90033 /* EYEPAXUITests */,
			);
		};
/* End PBXProject section */

/* Begin PBXResourcesBuildPhase section */
		C980715D284647B300C90033 /* Resources */ = {
			isa = PBXResourcesBuildPhase;
			buildActionMask = 2147483647;
			files = (
				C980716F284647B400C90033 /* LaunchScreen.storyboard in Resources */,
				C98071F52846F65B00C90033 /* Configuration.plist in Resources */,
				C980716C284647B400C90033 /* Assets.xcassets in Resources */,
				C9807212284719EC00C90033 /* Main.storyboard in Resources */,
			);
			runOnlyForDeploymentPostprocessing = 0;
		};
		C9807173284647B400C90033 /* Resources */ = {
			isa = PBXResourcesBuildPhase;
			buildActionMask = 2147483647;
			files = (
			);
			runOnlyForDeploymentPostprocessing = 0;
		};
		C980717D284647B400C90033 /* Resources */ = {
			isa = PBXResourcesBuildPhase;
			buildActionMask = 2147483647;
			files = (
			);
			runOnlyForDeploymentPostprocessing = 0;
		};
/* End PBXResourcesBuildPhase section */

/* Begin PBXShellScriptBuildPhase section */
		811B1A17F6D9518625D479F0 /* [CP] Check Pods Manifest.lock */ = {
			isa = PBXShellScriptBuildPhase;
			buildActionMask = 2147483647;
			files = (
			);
			inputFileListPaths = (
			);
			inputPaths = (
				"${PODS_PODFILE_DIR_PATH}/Podfile.lock",
				"${PODS_ROOT}/Manifest.lock",
			);
			name = "[CP] Check Pods Manifest.lock";
			outputFileListPaths = (
			);
			outputPaths = (
				"$(DERIVED_FILE_DIR)/Pods-EYEPAXTests-checkManifestLockResult.txt",
			);
			runOnlyForDeploymentPostprocessing = 0;
			shellPath = /bin/sh;
			shellScript = "diff \"${PODS_PODFILE_DIR_PATH}/Podfile.lock\" \"${PODS_ROOT}/Manifest.lock\" > /dev/null\nif [ $? != 0 ] ; then\n    # print error to STDERR\n    echo \"error: The sandbox is not in sync with the Podfile.lock. Run 'pod install' or update your CocoaPods installation.\" >&2\n    exit 1\nfi\n# This output is used by Xcode 'outputs' to avoid re-running this script phase.\necho \"SUCCESS\" > \"${SCRIPT_OUTPUT_FILE_0}\"\n";
			showEnvVarsInLog = 0;
		};
		926E65178A32B7BAED818D48 /* [CP] Embed Pods Frameworks */ = {
			isa = PBXShellScriptBuildPhase;
			buildActionMask = 2147483647;
			files = (
			);
			inputFileListPaths = (
				"${PODS_ROOT}/Target Support Files/Pods-EYEPAX/Pods-EYEPAX-frameworks-${CONFIGURATION}-input-files.xcfilelist",
			);
			name = "[CP] Embed Pods Frameworks";
			outputFileListPaths = (
				"${PODS_ROOT}/Target Support Files/Pods-EYEPAX/Pods-EYEPAX-frameworks-${CONFIGURATION}-output-files.xcfilelist",
			);
			runOnlyForDeploymentPostprocessing = 0;
			shellPath = /bin/sh;
			shellScript = "\"${PODS_ROOT}/Target Support Files/Pods-EYEPAX/Pods-EYEPAX-frameworks.sh\"\n";
			showEnvVarsInLog = 0;
		};
		C801A2975B0B3B977C193934 /* [CP] Check Pods Manifest.lock */ = {
			isa = PBXShellScriptBuildPhase;
			buildActionMask = 2147483647;
			files = (
			);
			inputFileListPaths = (
			);
			inputPaths = (
				"${PODS_PODFILE_DIR_PATH}/Podfile.lock",
				"${PODS_ROOT}/Manifest.lock",
			);
			name = "[CP] Check Pods Manifest.lock";
			outputFileListPaths = (
			);
			outputPaths = (
				"$(DERIVED_FILE_DIR)/Pods-EYEPAX-EYEPAXUITests-checkManifestLockResult.txt",
			);
			runOnlyForDeploymentPostprocessing = 0;
			shellPath = /bin/sh;
			shellScript = "diff \"${PODS_PODFILE_DIR_PATH}/Podfile.lock\" \"${PODS_ROOT}/Manifest.lock\" > /dev/null\nif [ $? != 0 ] ; then\n    # print error to STDERR\n    echo \"error: The sandbox is not in sync with the Podfile.lock. Run 'pod install' or update your CocoaPods installation.\" >&2\n    exit 1\nfi\n# This output is used by Xcode 'outputs' to avoid re-running this script phase.\necho \"SUCCESS\" > \"${SCRIPT_OUTPUT_FILE_0}\"\n";
			showEnvVarsInLog = 0;
		};
		CACDA7C1D126D87503CBD3C0 /* [CP] Embed Pods Frameworks */ = {
			isa = PBXShellScriptBuildPhase;
			buildActionMask = 2147483647;
			files = (
			);
			inputFileListPaths = (
				"${PODS_ROOT}/Target Support Files/Pods-EYEPAX-EYEPAXUITests/Pods-EYEPAX-EYEPAXUITests-frameworks-${CONFIGURATION}-input-files.xcfilelist",
			);
			name = "[CP] Embed Pods Frameworks";
			outputFileListPaths = (
				"${PODS_ROOT}/Target Support Files/Pods-EYEPAX-EYEPAXUITests/Pods-EYEPAX-EYEPAXUITests-frameworks-${CONFIGURATION}-output-files.xcfilelist",
			);
			runOnlyForDeploymentPostprocessing = 0;
			shellPath = /bin/sh;
			shellScript = "\"${PODS_ROOT}/Target Support Files/Pods-EYEPAX-EYEPAXUITests/Pods-EYEPAX-EYEPAXUITests-frameworks.sh\"\n";
			showEnvVarsInLog = 0;
		};
		E0B074D8024BF0063E86B4A3 /* [CP] Check Pods Manifest.lock */ = {
			isa = PBXShellScriptBuildPhase;
			buildActionMask = 2147483647;
			files = (
			);
			inputFileListPaths = (
			);
			inputPaths = (
				"${PODS_PODFILE_DIR_PATH}/Podfile.lock",
				"${PODS_ROOT}/Manifest.lock",
			);
			name = "[CP] Check Pods Manifest.lock";
			outputFileListPaths = (
			);
			outputPaths = (
				"$(DERIVED_FILE_DIR)/Pods-EYEPAX-checkManifestLockResult.txt",
			);
			runOnlyForDeploymentPostprocessing = 0;
			shellPath = /bin/sh;
			shellScript = "diff \"${PODS_PODFILE_DIR_PATH}/Podfile.lock\" \"${PODS_ROOT}/Manifest.lock\" > /dev/null\nif [ $? != 0 ] ; then\n    # print error to STDERR\n    echo \"error: The sandbox is not in sync with the Podfile.lock. Run 'pod install' or update your CocoaPods installation.\" >&2\n    exit 1\nfi\n# This output is used by Xcode 'outputs' to avoid re-running this script phase.\necho \"SUCCESS\" > \"${SCRIPT_OUTPUT_FILE_0}\"\n";
			showEnvVarsInLog = 0;
		};
/* End PBXShellScriptBuildPhase section */

/* Begin PBXSourcesBuildPhase section */
		C980715B284647B300C90033 /* Sources */ = {
			isa = PBXSourcesBuildPhase;
			buildActionMask = 2147483647;
			files = (
				C98071E328464FF100C90033 /* BaseTVCell.swift in Sources */,
				C98071E128464FF100C90033 /* GenericView.swift in Sources */,
				C98071CD28464FF100C90033 /* Plist.swift in Sources */,
				C98071DF28464FF100C90033 /* BaseCVCell.swift in Sources */,
				C98071EB2846F58200C90033 /* Signin_VC.swift in Sources */,
				C98071D728464FF100C90033 /* BaseVC.swift in Sources */,
				C98071DB28464FF100C90033 /* BaseTableViewVC.swift in Sources */,
				C98071D628464FF100C90033 /* BaseTableViewVM.swift in Sources */,
				C980721E2847468100C90033 /* Source.swift in Sources */,
				C98071ED2846F58200C90033 /* Signin_MV.swift in Sources */,
				C98072052846F73700C90033 /* GeneralEmptyDataResponse.swift in Sources */,
				C98071D028464FF100C90033 /* FacebookSignIn.swift in Sources */,
				C980720E28470BFD00C90033 /* Dashboard_VM.swift in Sources */,
				C98072032846F73700C90033 /* RestClientError.swift in Sources */,
				C98071D228464FF100C90033 /* NCFBLoginButton.swift in Sources */,
				C98071E028464FF100C90033 /* AnimateTextField.swift in Sources */,
				C98072072846F73700C90033 /* HTTPService.swift in Sources */,
				C98071DE28464FF100C90033 /* BaseModel.swift in Sources */,
				C98071EC2846F58200C90033 /* Main_Coordinator.swift in Sources */,
				C98071E228464FF100C90033 /* BaseButton.swift in Sources */,
				C98071DA28464FF100C90033 /* BaseFormVM.swift in Sources */,
				C98071D128464FF100C90033 /* SocialSignInVC.swift in Sources */,
				C98072042846F73700C90033 /* GeneralObjectResponse.swift in Sources */,
				C98071D528464FF100C90033 /* BaseCollectionVC.swift in Sources */,
				C98071F32846F65B00C90033 /* AppDelegate.swift in Sources */,
				C98071DD28464FF100C90033 /* BaseCollectionVM.swift in Sources */,
				C980721C2847466F00C90033 /* Article.swift in Sources */,
				C98071CC28464FF100C90033 /* Extensions.swift in Sources */,
				C98072012846F73700C90033 /* GeneralArrayResponse.swift in Sources */,
				C98071E528464FF100C90033 /* StringKeys.swift in Sources */,
				C98071CB28464FF100C90033 /* StoryboardInitializable.swift in Sources */,
				C98071CE28464FF100C90033 /* Font.swift in Sources */,
				C98071F42846F65B00C90033 /* AppCoordinator.swift in Sources */,
				C98071F62846F65B00C90033 /* AppConfig.swift in Sources */,
				C98071E628464FF100C90033 /* NCCustomMessageMaker.swift in Sources */,
				C98071D328464FF100C90033 /* SocialSignInVM.swift in Sources */,
				C98071DC28464FF100C90033 /* BaseVM.swift in Sources */,
				C98071E728464FF100C90033 /* LoadingViewable.swift in Sources */,
				C98071D828464FF100C90033 /* BaseFormVC.swift in Sources */,
				C98071CF28464FF100C90033 /* UserAuth.swift in Sources */,
				C98071E428464FF100C90033 /* NCUIMaker.swift in Sources */,
				C98071D928464FF100C90033 /* BaseSuperVC.swift in Sources */,
				C98072022846F73700C90033 /* GeneralAuthResponse.swift in Sources */,
				C98071D428464FF100C90033 /* BaseCoordinator.swift in Sources */,
				C98071F72846F65B00C90033 /* SceneDelegate.swift in Sources */,
				C9807220284749AF00C90033 /* NewsAPIProtocol.swift in Sources */,
				C98071C928464FF100C90033 /* ReactiveExtensiones.swift in Sources */,
				C98071CA28464FF100C90033 /* UIColor+Utils.swift in Sources */,
				C980721028470C0800C90033 /* Dashboard_VC.swift in Sources */,
			);
			runOnlyForDeploymentPostprocessing = 0;
		};
		C9807171284647B400C90033 /* Sources */ = {
			isa = PBXSourcesBuildPhase;
			buildActionMask = 2147483647;
			files = (
				C980717A284647B400C90033 /* EYEPAXTests.swift in Sources */,
			);
			runOnlyForDeploymentPostprocessing = 0;
		};
		C980717B284647B400C90033 /* Sources */ = {
			isa = PBXSourcesBuildPhase;
			buildActionMask = 2147483647;
			files = (
				C9807186284647B400C90033 /* EYEPAXUITestsLaunchTests.swift in Sources */,
				C9807184284647B400C90033 /* EYEPAXUITests.swift in Sources */,
			);
			runOnlyForDeploymentPostprocessing = 0;
		};
/* End PBXSourcesBuildPhase section */

/* Begin PBXTargetDependency section */
		C9807177284647B400C90033 /* PBXTargetDependency */ = {
			isa = PBXTargetDependency;
			target = C980715E284647B300C90033 /* EYEPAX */;
			targetProxy = C9807176284647B400C90033 /* PBXContainerItemProxy */;
		};
		C9807181284647B400C90033 /* PBXTargetDependency */ = {
			isa = PBXTargetDependency;
			target = C980715E284647B300C90033 /* EYEPAX */;
			targetProxy = C9807180284647B400C90033 /* PBXContainerItemProxy */;
		};
/* End PBXTargetDependency section */

/* Begin PBXVariantGroup section */
		C980716D284647B400C90033 /* LaunchScreen.storyboard */ = {
			isa = PBXVariantGroup;
			children = (
				C980716E284647B400C90033 /* Base */,
			);
			name = LaunchScreen.storyboard;
			sourceTree = "<group>";
		};
/* End PBXVariantGroup section */

/* Begin XCBuildConfiguration section */
		C9807187284647B400C90033 /* Debug */ = {
			isa = XCBuildConfiguration;
			buildSettings = {
				ALWAYS_SEARCH_USER_PATHS = NO;
				CLANG_ANALYZER_NONNULL = YES;
				CLANG_ANALYZER_NUMBER_OBJECT_CONVERSION = YES_AGGRESSIVE;
				CLANG_CXX_LANGUAGE_STANDARD = "gnu++17";
				CLANG_ENABLE_MODULES = YES;
				CLANG_ENABLE_OBJC_ARC = YES;
				CLANG_ENABLE_OBJC_WEAK = YES;
				CLANG_WARN_BLOCK_CAPTURE_AUTORELEASING = YES;
				CLANG_WARN_BOOL_CONVERSION = YES;
				CLANG_WARN_COMMA = YES;
				CLANG_WARN_CONSTANT_CONVERSION = YES;
				CLANG_WARN_DEPRECATED_OBJC_IMPLEMENTATIONS = YES;
				CLANG_WARN_DIRECT_OBJC_ISA_USAGE = YES_ERROR;
				CLANG_WARN_DOCUMENTATION_COMMENTS = YES;
				CLANG_WARN_EMPTY_BODY = YES;
				CLANG_WARN_ENUM_CONVERSION = YES;
				CLANG_WARN_INFINITE_RECURSION = YES;
				CLANG_WARN_INT_CONVERSION = YES;
				CLANG_WARN_NON_LITERAL_NULL_CONVERSION = YES;
				CLANG_WARN_OBJC_IMPLICIT_RETAIN_SELF = YES;
				CLANG_WARN_OBJC_LITERAL_CONVERSION = YES;
				CLANG_WARN_OBJC_ROOT_CLASS = YES_ERROR;
				CLANG_WARN_QUOTED_INCLUDE_IN_FRAMEWORK_HEADER = YES;
				CLANG_WARN_RANGE_LOOP_ANALYSIS = YES;
				CLANG_WARN_STRICT_PROTOTYPES = YES;
				CLANG_WARN_SUSPICIOUS_MOVE = YES;
				CLANG_WARN_UNGUARDED_AVAILABILITY = YES_AGGRESSIVE;
				CLANG_WARN_UNREACHABLE_CODE = YES;
				CLANG_WARN__DUPLICATE_METHOD_MATCH = YES;
				COPY_PHASE_STRIP = NO;
				DEBUG_INFORMATION_FORMAT = dwarf;
				ENABLE_STRICT_OBJC_MSGSEND = YES;
				ENABLE_TESTABILITY = YES;
				GCC_C_LANGUAGE_STANDARD = gnu11;
				GCC_DYNAMIC_NO_PIC = NO;
				GCC_NO_COMMON_BLOCKS = YES;
				GCC_OPTIMIZATION_LEVEL = 0;
				GCC_PREPROCESSOR_DEFINITIONS = (
					"DEBUG=1",
					"$(inherited)",
				);
				GCC_WARN_64_TO_32_BIT_CONVERSION = YES;
				GCC_WARN_ABOUT_RETURN_TYPE = YES_ERROR;
				GCC_WARN_UNDECLARED_SELECTOR = YES;
				GCC_WARN_UNINITIALIZED_AUTOS = YES_AGGRESSIVE;
				GCC_WARN_UNUSED_FUNCTION = YES;
				GCC_WARN_UNUSED_VARIABLE = YES;
				IPHONEOS_DEPLOYMENT_TARGET = 15.4;
				MTL_ENABLE_DEBUG_INFO = INCLUDE_SOURCE;
				MTL_FAST_MATH = YES;
				ONLY_ACTIVE_ARCH = YES;
				SDKROOT = iphoneos;
				SWIFT_ACTIVE_COMPILATION_CONDITIONS = DEBUG;
				SWIFT_OPTIMIZATION_LEVEL = "-Onone";
			};
			name = Debug;
		};
		C9807188284647B400C90033 /* Release */ = {
			isa = XCBuildConfiguration;
			buildSettings = {
				ALWAYS_SEARCH_USER_PATHS = NO;
				CLANG_ANALYZER_NONNULL = YES;
				CLANG_ANALYZER_NUMBER_OBJECT_CONVERSION = YES_AGGRESSIVE;
				CLANG_CXX_LANGUAGE_STANDARD = "gnu++17";
				CLANG_ENABLE_MODULES = YES;
				CLANG_ENABLE_OBJC_ARC = YES;
				CLANG_ENABLE_OBJC_WEAK = YES;
				CLANG_WARN_BLOCK_CAPTURE_AUTORELEASING = YES;
				CLANG_WARN_BOOL_CONVERSION = YES;
				CLANG_WARN_COMMA = YES;
				CLANG_WARN_CONSTANT_CONVERSION = YES;
				CLANG_WARN_DEPRECATED_OBJC_IMPLEMENTATIONS = YES;
				CLANG_WARN_DIRECT_OBJC_ISA_USAGE = YES_ERROR;
				CLANG_WARN_DOCUMENTATION_COMMENTS = YES;
				CLANG_WARN_EMPTY_BODY = YES;
				CLANG_WARN_ENUM_CONVERSION = YES;
				CLANG_WARN_INFINITE_RECURSION = YES;
				CLANG_WARN_INT_CONVERSION = YES;
				CLANG_WARN_NON_LITERAL_NULL_CONVERSION = YES;
				CLANG_WARN_OBJC_IMPLICIT_RETAIN_SELF = YES;
				CLANG_WARN_OBJC_LITERAL_CONVERSION = YES;
				CLANG_WARN_OBJC_ROOT_CLASS = YES_ERROR;
				CLANG_WARN_QUOTED_INCLUDE_IN_FRAMEWORK_HEADER = YES;
				CLANG_WARN_RANGE_LOOP_ANALYSIS = YES;
				CLANG_WARN_STRICT_PROTOTYPES = YES;
				CLANG_WARN_SUSPICIOUS_MOVE = YES;
				CLANG_WARN_UNGUARDED_AVAILABILITY = YES_AGGRESSIVE;
				CLANG_WARN_UNREACHABLE_CODE = YES;
				CLANG_WARN__DUPLICATE_METHOD_MATCH = YES;
				COPY_PHASE_STRIP = NO;
				DEBUG_INFORMATION_FORMAT = "dwarf-with-dsym";
				ENABLE_NS_ASSERTIONS = NO;
				ENABLE_STRICT_OBJC_MSGSEND = YES;
				GCC_C_LANGUAGE_STANDARD = gnu11;
				GCC_NO_COMMON_BLOCKS = YES;
				GCC_WARN_64_TO_32_BIT_CONVERSION = YES;
				GCC_WARN_ABOUT_RETURN_TYPE = YES_ERROR;
				GCC_WARN_UNDECLARED_SELECTOR = YES;
				GCC_WARN_UNINITIALIZED_AUTOS = YES_AGGRESSIVE;
				GCC_WARN_UNUSED_FUNCTION = YES;
				GCC_WARN_UNUSED_VARIABLE = YES;
				IPHONEOS_DEPLOYMENT_TARGET = 15.4;
				MTL_ENABLE_DEBUG_INFO = NO;
				MTL_FAST_MATH = YES;
				SDKROOT = iphoneos;
				SWIFT_COMPILATION_MODE = wholemodule;
				SWIFT_OPTIMIZATION_LEVEL = "-O";
				VALIDATE_PRODUCT = YES;
			};
			name = Release;
		};
		C980718A284647B400C90033 /* Debug */ = {
			isa = XCBuildConfiguration;
			baseConfigurationReference = 9D07B90A7BC9BC72582D2418 /* Pods-EYEPAX.debug.xcconfig */;
			buildSettings = {
				ASSETCATALOG_COMPILER_APPICON_NAME = AppIcon;
				ASSETCATALOG_COMPILER_GLOBAL_ACCENT_COLOR_NAME = AccentColor;
				CODE_SIGN_STYLE = Automatic;
				CURRENT_PROJECT_VERSION = 1;
				GENERATE_INFOPLIST_FILE = YES;
				INFOPLIST_FILE = EYEPAX/Info.plist;
				INFOPLIST_KEY_UIApplicationSupportsIndirectInputEvents = YES;
				INFOPLIST_KEY_UILaunchStoryboardName = LaunchScreen;
				INFOPLIST_KEY_UIMainStoryboardFile = Main;
				INFOPLIST_KEY_UISupportedInterfaceOrientations_iPad = "UIInterfaceOrientationPortrait UIInterfaceOrientationPortraitUpsideDown UIInterfaceOrientationLandscapeLeft UIInterfaceOrientationLandscapeRight";
				INFOPLIST_KEY_UISupportedInterfaceOrientations_iPhone = "UIInterfaceOrientationPortrait UIInterfaceOrientationLandscapeLeft UIInterfaceOrientationLandscapeRight";
				IPHONEOS_DEPLOYMENT_TARGET = 10.0;
				LD_RUNPATH_SEARCH_PATHS = (
					"$(inherited)",
					"@executable_path/Frameworks",
				);
				MARKETING_VERSION = 1.0;
				PRODUCT_BUNDLE_IDENTIFIER = NC32.EYEPAX;
				PRODUCT_NAME = "$(TARGET_NAME)";
				SWIFT_EMIT_LOC_STRINGS = YES;
				SWIFT_VERSION = 5.0;
				TARGETED_DEVICE_FAMILY = "1,2";
			};
			name = Debug;
		};
		C980718B284647B400C90033 /* Release */ = {
			isa = XCBuildConfiguration;
			baseConfigurationReference = 16AC15C4A1113B9FEA77A136 /* Pods-EYEPAX.release.xcconfig */;
			buildSettings = {
				ASSETCATALOG_COMPILER_APPICON_NAME = AppIcon;
				ASSETCATALOG_COMPILER_GLOBAL_ACCENT_COLOR_NAME = AccentColor;
				CODE_SIGN_STYLE = Automatic;
				CURRENT_PROJECT_VERSION = 1;
				GENERATE_INFOPLIST_FILE = YES;
				INFOPLIST_FILE = EYEPAX/Info.plist;
				INFOPLIST_KEY_UIApplicationSupportsIndirectInputEvents = YES;
				INFOPLIST_KEY_UILaunchStoryboardName = LaunchScreen;
				INFOPLIST_KEY_UIMainStoryboardFile = Main;
				INFOPLIST_KEY_UISupportedInterfaceOrientations_iPad = "UIInterfaceOrientationPortrait UIInterfaceOrientationPortraitUpsideDown UIInterfaceOrientationLandscapeLeft UIInterfaceOrientationLandscapeRight";
				INFOPLIST_KEY_UISupportedInterfaceOrientations_iPhone = "UIInterfaceOrientationPortrait UIInterfaceOrientationLandscapeLeft UIInterfaceOrientationLandscapeRight";
				IPHONEOS_DEPLOYMENT_TARGET = 10.0;
				LD_RUNPATH_SEARCH_PATHS = (
					"$(inherited)",
					"@executable_path/Frameworks",
				);
				MARKETING_VERSION = 1.0;
				PRODUCT_BUNDLE_IDENTIFIER = NC32.EYEPAX;
				PRODUCT_NAME = "$(TARGET_NAME)";
				SWIFT_EMIT_LOC_STRINGS = YES;
				SWIFT_VERSION = 5.0;
				TARGETED_DEVICE_FAMILY = "1,2";
			};
			name = Release;
		};
		C980718D284647B400C90033 /* Debug */ = {
			isa = XCBuildConfiguration;
			baseConfigurationReference = 99F84310F002E4F8419937C0 /* Pods-EYEPAXTests.debug.xcconfig */;
			buildSettings = {
				ALWAYS_EMBED_SWIFT_STANDARD_LIBRARIES = YES;
				BUNDLE_LOADER = "$(TEST_HOST)";
				CODE_SIGN_STYLE = Automatic;
				CURRENT_PROJECT_VERSION = 1;
				GENERATE_INFOPLIST_FILE = YES;
				IPHONEOS_DEPLOYMENT_TARGET = 15.4;
				MARKETING_VERSION = 1.0;
				PRODUCT_BUNDLE_IDENTIFIER = NC32.EYEPAXTests;
				PRODUCT_NAME = "$(TARGET_NAME)";
				SWIFT_EMIT_LOC_STRINGS = NO;
				SWIFT_VERSION = 5.0;
				TARGETED_DEVICE_FAMILY = "1,2";
				TEST_HOST = "$(BUILT_PRODUCTS_DIR)/EYEPAX.app/EYEPAX";
			};
			name = Debug;
		};
		C980718E284647B400C90033 /* Release */ = {
			isa = XCBuildConfiguration;
			baseConfigurationReference = 37CFA381760DA0DE372F6AFA /* Pods-EYEPAXTests.release.xcconfig */;
			buildSettings = {
				ALWAYS_EMBED_SWIFT_STANDARD_LIBRARIES = YES;
				BUNDLE_LOADER = "$(TEST_HOST)";
				CODE_SIGN_STYLE = Automatic;
				CURRENT_PROJECT_VERSION = 1;
				GENERATE_INFOPLIST_FILE = YES;
				IPHONEOS_DEPLOYMENT_TARGET = 15.4;
				MARKETING_VERSION = 1.0;
				PRODUCT_BUNDLE_IDENTIFIER = NC32.EYEPAXTests;
				PRODUCT_NAME = "$(TARGET_NAME)";
				SWIFT_EMIT_LOC_STRINGS = NO;
				SWIFT_VERSION = 5.0;
				TARGETED_DEVICE_FAMILY = "1,2";
				TEST_HOST = "$(BUILT_PRODUCTS_DIR)/EYEPAX.app/EYEPAX";
			};
			name = Release;
		};
		C9807190284647B400C90033 /* Debug */ = {
			isa = XCBuildConfiguration;
			baseConfigurationReference = 0FC9B984747C94C09844E500 /* Pods-EYEPAX-EYEPAXUITests.debug.xcconfig */;
			buildSettings = {
				ALWAYS_EMBED_SWIFT_STANDARD_LIBRARIES = YES;
				CODE_SIGN_STYLE = Automatic;
				CURRENT_PROJECT_VERSION = 1;
				GENERATE_INFOPLIST_FILE = YES;
				MARKETING_VERSION = 1.0;
				PRODUCT_BUNDLE_IDENTIFIER = NC32.EYEPAXUITests;
				PRODUCT_NAME = "$(TARGET_NAME)";
				SWIFT_EMIT_LOC_STRINGS = NO;
				SWIFT_VERSION = 5.0;
				TARGETED_DEVICE_FAMILY = "1,2";
				TEST_TARGET_NAME = EYEPAX;
			};
			name = Debug;
		};
		C9807191284647B400C90033 /* Release */ = {
			isa = XCBuildConfiguration;
			baseConfigurationReference = 4F67C42864BE2CA8E55F2C6F /* Pods-EYEPAX-EYEPAXUITests.release.xcconfig */;
			buildSettings = {
				ALWAYS_EMBED_SWIFT_STANDARD_LIBRARIES = YES;
				CODE_SIGN_STYLE = Automatic;
				CURRENT_PROJECT_VERSION = 1;
				GENERATE_INFOPLIST_FILE = YES;
				MARKETING_VERSION = 1.0;
				PRODUCT_BUNDLE_IDENTIFIER = NC32.EYEPAXUITests;
				PRODUCT_NAME = "$(TARGET_NAME)";
				SWIFT_EMIT_LOC_STRINGS = NO;
				SWIFT_VERSION = 5.0;
				TARGETED_DEVICE_FAMILY = "1,2";
				TEST_TARGET_NAME = EYEPAX;
			};
			name = Release;
		};
		C98072172847209300C90033 /* Distribution */ = {
			isa = XCBuildConfiguration;
			buildSettings = {
				ALWAYS_SEARCH_USER_PATHS = NO;
				CLANG_ANALYZER_NONNULL = YES;
				CLANG_ANALYZER_NUMBER_OBJECT_CONVERSION = YES_AGGRESSIVE;
				CLANG_CXX_LANGUAGE_STANDARD = "gnu++17";
				CLANG_ENABLE_MODULES = YES;
				CLANG_ENABLE_OBJC_ARC = YES;
				CLANG_ENABLE_OBJC_WEAK = YES;
				CLANG_WARN_BLOCK_CAPTURE_AUTORELEASING = YES;
				CLANG_WARN_BOOL_CONVERSION = YES;
				CLANG_WARN_COMMA = YES;
				CLANG_WARN_CONSTANT_CONVERSION = YES;
				CLANG_WARN_DEPRECATED_OBJC_IMPLEMENTATIONS = YES;
				CLANG_WARN_DIRECT_OBJC_ISA_USAGE = YES_ERROR;
				CLANG_WARN_DOCUMENTATION_COMMENTS = YES;
				CLANG_WARN_EMPTY_BODY = YES;
				CLANG_WARN_ENUM_CONVERSION = YES;
				CLANG_WARN_INFINITE_RECURSION = YES;
				CLANG_WARN_INT_CONVERSION = YES;
				CLANG_WARN_NON_LITERAL_NULL_CONVERSION = YES;
				CLANG_WARN_OBJC_IMPLICIT_RETAIN_SELF = YES;
				CLANG_WARN_OBJC_LITERAL_CONVERSION = YES;
				CLANG_WARN_OBJC_ROOT_CLASS = YES_ERROR;
				CLANG_WARN_QUOTED_INCLUDE_IN_FRAMEWORK_HEADER = YES;
				CLANG_WARN_RANGE_LOOP_ANALYSIS = YES;
				CLANG_WARN_STRICT_PROTOTYPES = YES;
				CLANG_WARN_SUSPICIOUS_MOVE = YES;
				CLANG_WARN_UNGUARDED_AVAILABILITY = YES_AGGRESSIVE;
				CLANG_WARN_UNREACHABLE_CODE = YES;
				CLANG_WARN__DUPLICATE_METHOD_MATCH = YES;
				COPY_PHASE_STRIP = NO;
				DEBUG_INFORMATION_FORMAT = "dwarf-with-dsym";
				ENABLE_NS_ASSERTIONS = NO;
				ENABLE_STRICT_OBJC_MSGSEND = YES;
				GCC_C_LANGUAGE_STANDARD = gnu11;
				GCC_NO_COMMON_BLOCKS = YES;
				GCC_WARN_64_TO_32_BIT_CONVERSION = YES;
				GCC_WARN_ABOUT_RETURN_TYPE = YES_ERROR;
				GCC_WARN_UNDECLARED_SELECTOR = YES;
				GCC_WARN_UNINITIALIZED_AUTOS = YES_AGGRESSIVE;
				GCC_WARN_UNUSED_FUNCTION = YES;
				GCC_WARN_UNUSED_VARIABLE = YES;
				IPHONEOS_DEPLOYMENT_TARGET = 15.4;
				MTL_ENABLE_DEBUG_INFO = NO;
				MTL_FAST_MATH = YES;
				SDKROOT = iphoneos;
				SWIFT_COMPILATION_MODE = wholemodule;
				SWIFT_OPTIMIZATION_LEVEL = "-O";
				VALIDATE_PRODUCT = YES;
			};
			name = Distribution;
		};
		C98072182847209300C90033 /* Distribution */ = {
			isa = XCBuildConfiguration;
			baseConfigurationReference = 16AC15C4A1113B9FEA77A136 /* Pods-EYEPAX.release.xcconfig */;
			buildSettings = {
				ASSETCATALOG_COMPILER_APPICON_NAME = AppIcon;
				ASSETCATALOG_COMPILER_GLOBAL_ACCENT_COLOR_NAME = AccentColor;
				CODE_SIGN_STYLE = Automatic;
				CURRENT_PROJECT_VERSION = 1;
				GENERATE_INFOPLIST_FILE = YES;
				INFOPLIST_FILE = EYEPAX/Info.plist;
				INFOPLIST_KEY_UIApplicationSupportsIndirectInputEvents = YES;
				INFOPLIST_KEY_UILaunchStoryboardName = LaunchScreen;
				INFOPLIST_KEY_UIMainStoryboardFile = Main;
				INFOPLIST_KEY_UISupportedInterfaceOrientations_iPad = "UIInterfaceOrientationPortrait UIInterfaceOrientationPortraitUpsideDown UIInterfaceOrientationLandscapeLeft UIInterfaceOrientationLandscapeRight";
				INFOPLIST_KEY_UISupportedInterfaceOrientations_iPhone = "UIInterfaceOrientationPortrait UIInterfaceOrientationLandscapeLeft UIInterfaceOrientationLandscapeRight";
				IPHONEOS_DEPLOYMENT_TARGET = 10.0;
				LD_RUNPATH_SEARCH_PATHS = (
					"$(inherited)",
					"@executable_path/Frameworks",
				);
				MARKETING_VERSION = 1.0;
				PRODUCT_BUNDLE_IDENTIFIER = NC32.EYEPAX;
				PRODUCT_NAME = "$(TARGET_NAME)";
				SWIFT_EMIT_LOC_STRINGS = YES;
				SWIFT_VERSION = 5.0;
				TARGETED_DEVICE_FAMILY = "1,2";
			};
			name = Distribution;
		};
		C98072192847209300C90033 /* Distribution */ = {
			isa = XCBuildConfiguration;
			baseConfigurationReference = 37CFA381760DA0DE372F6AFA /* Pods-EYEPAXTests.release.xcconfig */;
			buildSettings = {
				ALWAYS_EMBED_SWIFT_STANDARD_LIBRARIES = YES;
				BUNDLE_LOADER = "$(TEST_HOST)";
				CODE_SIGN_STYLE = Automatic;
				CURRENT_PROJECT_VERSION = 1;
				GENERATE_INFOPLIST_FILE = YES;
				IPHONEOS_DEPLOYMENT_TARGET = 15.4;
				MARKETING_VERSION = 1.0;
				PRODUCT_BUNDLE_IDENTIFIER = NC32.EYEPAXTests;
				PRODUCT_NAME = "$(TARGET_NAME)";
				SWIFT_EMIT_LOC_STRINGS = NO;
				SWIFT_VERSION = 5.0;
				TARGETED_DEVICE_FAMILY = "1,2";
				TEST_HOST = "$(BUILT_PRODUCTS_DIR)/EYEPAX.app/EYEPAX";
			};
			name = Distribution;
		};
		C980721A2847209300C90033 /* Distribution */ = {
			isa = XCBuildConfiguration;
			baseConfigurationReference = 4F67C42864BE2CA8E55F2C6F /* Pods-EYEPAX-EYEPAXUITests.release.xcconfig */;
			buildSettings = {
				ALWAYS_EMBED_SWIFT_STANDARD_LIBRARIES = YES;
				CODE_SIGN_STYLE = Automatic;
				CURRENT_PROJECT_VERSION = 1;
				GENERATE_INFOPLIST_FILE = YES;
				MARKETING_VERSION = 1.0;
				PRODUCT_BUNDLE_IDENTIFIER = NC32.EYEPAXUITests;
				PRODUCT_NAME = "$(TARGET_NAME)";
				SWIFT_EMIT_LOC_STRINGS = NO;
				SWIFT_VERSION = 5.0;
				TARGETED_DEVICE_FAMILY = "1,2";
				TEST_TARGET_NAME = EYEPAX;
			};
			name = Distribution;
		};
/* End XCBuildConfiguration section */

/* Begin XCConfigurationList section */
		C980715A284647B300C90033 /* Build configuration list for PBXProject "EYEPAX" */ = {
			isa = XCConfigurationList;
			buildConfigurations = (
				C9807187284647B400C90033 /* Debug */,
				C9807188284647B400C90033 /* Release */,
				C98072172847209300C90033 /* Distribution */,
			);
			defaultConfigurationIsVisible = 0;
			defaultConfigurationName = Release;
		};
		C9807189284647B400C90033 /* Build configuration list for PBXNativeTarget "EYEPAX" */ = {
			isa = XCConfigurationList;
			buildConfigurations = (
				C980718A284647B400C90033 /* Debug */,
				C980718B284647B400C90033 /* Release */,
				C98072182847209300C90033 /* Distribution */,
			);
			defaultConfigurationIsVisible = 0;
			defaultConfigurationName = Release;
		};
		C980718C284647B400C90033 /* Build configuration list for PBXNativeTarget "EYEPAXTests" */ = {
			isa = XCConfigurationList;
			buildConfigurations = (
				C980718D284647B400C90033 /* Debug */,
				C980718E284647B400C90033 /* Release */,
				C98072192847209300C90033 /* Distribution */,
			);
			defaultConfigurationIsVisible = 0;
			defaultConfigurationName = Release;
		};
		C980718F284647B400C90033 /* Build configuration list for PBXNativeTarget "EYEPAXUITests" */ = {
			isa = XCConfigurationList;
			buildConfigurations = (
				C9807190284647B400C90033 /* Debug */,
				C9807191284647B400C90033 /* Release */,
				C980721A2847209300C90033 /* Distribution */,
			);
			defaultConfigurationIsVisible = 0;
			defaultConfigurationName = Release;
		};
/* End XCConfigurationList section */
	};
	rootObject = C9807157284647B300C90033 /* Project object */;
}
